// !$*UTF8*$!
{
	archiveVersion = 1;
	classes = {
	};
	objectVersion = 56;
	objects = {

/* Begin PBXBuildFile section */
		A8BD75B22D18005300EFE944 /* AppDelegate.swift in Sources */ = {isa = PBXBuildFile; fileRef = A8BD75B12D18005300EFE944 /* AppDelegate.swift */; };
		A8BD75B42D18005300EFE944 /* SceneDelegate.swift in Sources */ = {isa = PBXBuildFile; fileRef = A8BD75B32D18005300EFE944 /* SceneDelegate.swift */; };
		A8BD75B62D18005300EFE944 /* ViewController.swift in Sources */ = {isa = PBXBuildFile; fileRef = A8BD75B52D18005300EFE944 /* ViewController.swift */; };
		A8BD75B92D18005300EFE944 /* Base in Resources */ = {isa = PBXBuildFile; fileRef = A8BD75B82D18005300EFE944 /* Base */; };
		A8BD75BB2D18005600EFE944 /* Assets.xcassets in Resources */ = {isa = PBXBuildFile; fileRef = A8BD75BA2D18005600EFE944 /* Assets.xcassets */; };
		A8BD75BE2D18005600EFE944 /* Base in Resources */ = {isa = PBXBuildFile; fileRef = A8BD75BD2D18005600EFE944 /* Base */; };
		A8BD75C92D18005700EFE944 /* CleanArchitecture_SearchSampleTests.swift in Sources */ = {isa = PBXBuildFile; fileRef = A8BD75C82D18005700EFE944 /* CleanArchitecture_SearchSampleTests.swift */; };
		A8BD75D32D18005700EFE944 /* CleanArchitecture_SearchSampleUITests.swift in Sources */ = {isa = PBXBuildFile; fileRef = A8BD75D22D18005700EFE944 /* CleanArchitecture_SearchSampleUITests.swift */; };
		A8BD75D52D18005700EFE944 /* CleanArchitecture_SearchSampleUITestsLaunchTests.swift in Sources */ = {isa = PBXBuildFile; fileRef = A8BD75D42D18005700EFE944 /* CleanArchitecture_SearchSampleUITestsLaunchTests.swift */; };
/* End PBXBuildFile section */

/* Begin PBXContainerItemProxy section */
		A8BD75C52D18005700EFE944 /* PBXContainerItemProxy */ = {
			isa = PBXContainerItemProxy;
			containerPortal = A8BD75A62D18005300EFE944 /* Project object */;
			proxyType = 1;
			remoteGlobalIDString = A8BD75AD2D18005300EFE944;
			remoteInfo = "CleanArchitecture-SearchSample";
		};
		A8BD75CF2D18005700EFE944 /* PBXContainerItemProxy */ = {
			isa = PBXContainerItemProxy;
			containerPortal = A8BD75A62D18005300EFE944 /* Project object */;
			proxyType = 1;
			remoteGlobalIDString = A8BD75AD2D18005300EFE944;
			remoteInfo = "CleanArchitecture-SearchSample";
		};
/* End PBXContainerItemProxy section */

/* Begin PBXFileReference section */
		A8BD75AE2D18005300EFE944 /* CleanArchitecture-SearchSample.app */ = {isa = PBXFileReference; explicitFileType = wrapper.application; includeInIndex = 0; path = "CleanArchitecture-SearchSample.app"; sourceTree = BUILT_PRODUCTS_DIR; };
		A8BD75B12D18005300EFE944 /* AppDelegate.swift */ = {isa = PBXFileReference; lastKnownFileType = sourcecode.swift; path = AppDelegate.swift; sourceTree = "<group>"; };
		A8BD75B32D18005300EFE944 /* SceneDelegate.swift */ = {isa = PBXFileReference; lastKnownFileType = sourcecode.swift; path = SceneDelegate.swift; sourceTree = "<group>"; };
		A8BD75B52D18005300EFE944 /* ViewController.swift */ = {isa = PBXFileReference; lastKnownFileType = sourcecode.swift; path = ViewController.swift; sourceTree = "<group>"; };
		A8BD75B82D18005300EFE944 /* Base */ = {isa = PBXFileReference; lastKnownFileType = file.storyboard; name = Base; path = Base.lproj/Main.storyboard; sourceTree = "<group>"; };
		A8BD75BA2D18005600EFE944 /* Assets.xcassets */ = {isa = PBXFileReference; lastKnownFileType = folder.assetcatalog; path = Assets.xcassets; sourceTree = "<group>"; };
		A8BD75BD2D18005600EFE944 /* Base */ = {isa = PBXFileReference; lastKnownFileType = file.storyboard; name = Base; path = Base.lproj/LaunchScreen.storyboard; sourceTree = "<group>"; };
		A8BD75BF2D18005600EFE944 /* Info.plist */ = {isa = PBXFileReference; lastKnownFileType = text.plist.xml; path = Info.plist; sourceTree = "<group>"; };
		A8BD75C42D18005700EFE944 /* CleanArchitecture-SearchSampleTests.xctest */ = {isa = PBXFileReference; explicitFileType = wrapper.cfbundle; includeInIndex = 0; path = "CleanArchitecture-SearchSampleTests.xctest"; sourceTree = BUILT_PRODUCTS_DIR; };
		A8BD75C82D18005700EFE944 /* CleanArchitecture_SearchSampleTests.swift */ = {isa = PBXFileReference; lastKnownFileType = sourcecode.swift; path = CleanArchitecture_SearchSampleTests.swift; sourceTree = "<group>"; };
		A8BD75CE2D18005700EFE944 /* CleanArchitecture-SearchSampleUITests.xctest */ = {isa = PBXFileReference; explicitFileType = wrapper.cfbundle; includeInIndex = 0; path = "CleanArchitecture-SearchSampleUITests.xctest"; sourceTree = BUILT_PRODUCTS_DIR; };
		A8BD75D22D18005700EFE944 /* CleanArchitecture_SearchSampleUITests.swift */ = {isa = PBXFileReference; lastKnownFileType = sourcecode.swift; path = CleanArchitecture_SearchSampleUITests.swift; sourceTree = "<group>"; };
		A8BD75D42D18005700EFE944 /* CleanArchitecture_SearchSampleUITestsLaunchTests.swift */ = {isa = PBXFileReference; lastKnownFileType = sourcecode.swift; path = CleanArchitecture_SearchSampleUITestsLaunchTests.swift; sourceTree = "<group>"; };
/* End PBXFileReference section */

/* Begin PBXFrameworksBuildPhase section */
		A8BD75AB2D18005300EFE944 /* Frameworks */ = {
			isa = PBXFrameworksBuildPhase;
			buildActionMask = 2147483647;
			files = (
			);
			runOnlyForDeploymentPostprocessing = 0;
		};
		A8BD75C12D18005700EFE944 /* Frameworks */ = {
			isa = PBXFrameworksBuildPhase;
			buildActionMask = 2147483647;
			files = (
			);
			runOnlyForDeploymentPostprocessing = 0;
		};
		A8BD75CB2D18005700EFE944 /* Frameworks */ = {
			isa = PBXFrameworksBuildPhase;
			buildActionMask = 2147483647;
			files = (
			);
			runOnlyForDeploymentPostprocessing = 0;
		};
/* End PBXFrameworksBuildPhase section */

/* Begin PBXGroup section */
		A8BD75A52D18005300EFE944 = {
			isa = PBXGroup;
			children = (
				A8BD75B02D18005300EFE944 /* CleanArchitecture-SearchSample */,
				A8BD75C72D18005700EFE944 /* CleanArchitecture-SearchSampleTests */,
				A8BD75D12D18005700EFE944 /* CleanArchitecture-SearchSampleUITests */,
				A8BD75AF2D18005300EFE944 /* Products */,
			);
			sourceTree = "<group>";
		};
		A8BD75AF2D18005300EFE944 /* Products */ = {
			isa = PBXGroup;
			children = (
				A8BD75AE2D18005300EFE944 /* CleanArchitecture-SearchSample.app */,
				A8BD75C42D18005700EFE944 /* CleanArchitecture-SearchSampleTests.xctest */,
				A8BD75CE2D18005700EFE944 /* CleanArchitecture-SearchSampleUITests.xctest */,
			);
			name = Products;
			sourceTree = "<group>";
		};
		A8BD75B02D18005300EFE944 /* CleanArchitecture-SearchSample */ = {
			isa = PBXGroup;
			children = (
				A8BD75B12D18005300EFE944 /* AppDelegate.swift */,
				A8BD75B32D18005300EFE944 /* SceneDelegate.swift */,
				A8BD75B52D18005300EFE944 /* ViewController.swift */,
				A8BD75B72D18005300EFE944 /* Main.storyboard */,
				A8BD75BA2D18005600EFE944 /* Assets.xcassets */,
				A8BD75BC2D18005600EFE944 /* LaunchScreen.storyboard */,
				A8BD75BF2D18005600EFE944 /* Info.plist */,
			);
			path = "CleanArchitecture-SearchSample";
			sourceTree = "<group>";
		};
		A8BD75C72D18005700EFE944 /* CleanArchitecture-SearchSampleTests */ = {
			isa = PBXGroup;
			children = (
				A8BD75C82D18005700EFE944 /* CleanArchitecture_SearchSampleTests.swift */,
			);
			path = "CleanArchitecture-SearchSampleTests";
			sourceTree = "<group>";
		};
		A8BD75D12D18005700EFE944 /* CleanArchitecture-SearchSampleUITests */ = {
			isa = PBXGroup;
			children = (
				A8BD75D22D18005700EFE944 /* CleanArchitecture_SearchSampleUITests.swift */,
				A8BD75D42D18005700EFE944 /* CleanArchitecture_SearchSampleUITestsLaunchTests.swift */,
			);
			path = "CleanArchitecture-SearchSampleUITests";
			sourceTree = "<group>";
		};
/* End PBXGroup section */

/* Begin PBXNativeTarget section */
		A8BD75AD2D18005300EFE944 /* CleanArchitecture-SearchSample */ = {
			isa = PBXNativeTarget;
			buildConfigurationList = A8BD75D82D18005700EFE944 /* Build configuration list for PBXNativeTarget "CleanArchitecture-SearchSample" */;
			buildPhases = (
				A8BD75AA2D18005300EFE944 /* Sources */,
				A8BD75AB2D18005300EFE944 /* Frameworks */,
				A8BD75AC2D18005300EFE944 /* Resources */,
			);
			buildRules = (
			);
			dependencies = (
			);
			name = "CleanArchitecture-SearchSample";
			productName = "CleanArchitecture-SearchSample";
			productReference = A8BD75AE2D18005300EFE944 /* CleanArchitecture-SearchSample.app */;
			productType = "com.apple.product-type.application";
		};
		A8BD75C32D18005700EFE944 /* CleanArchitecture-SearchSampleTests */ = {
			isa = PBXNativeTarget;
			buildConfigurationList = A8BD75DB2D18005700EFE944 /* Build configuration list for PBXNativeTarget "CleanArchitecture-SearchSampleTests" */;
			buildPhases = (
				A8BD75C02D18005700EFE944 /* Sources */,
				A8BD75C12D18005700EFE944 /* Frameworks */,
				A8BD75C22D18005700EFE944 /* Resources */,
			);
			buildRules = (
			);
			dependencies = (
				A8BD75C62D18005700EFE944 /* PBXTargetDependency */,
			);
			name = "CleanArchitecture-SearchSampleTests";
			productName = "CleanArchitecture-SearchSampleTests";
			productReference = A8BD75C42D18005700EFE944 /* CleanArchitecture-SearchSampleTests.xctest */;
			productType = "com.apple.product-type.bundle.unit-test";
		};
		A8BD75CD2D18005700EFE944 /* CleanArchitecture-SearchSampleUITests */ = {
			isa = PBXNativeTarget;
			buildConfigurationList = A8BD75DE2D18005700EFE944 /* Build configuration list for PBXNativeTarget "CleanArchitecture-SearchSampleUITests" */;
			buildPhases = (
				A8BD75CA2D18005700EFE944 /* Sources */,
				A8BD75CB2D18005700EFE944 /* Frameworks */,
				A8BD75CC2D18005700EFE944 /* Resources */,
			);
			buildRules = (
			);
			dependencies = (
				A8BD75D02D18005700EFE944 /* PBXTargetDependency */,
			);
			name = "CleanArchitecture-SearchSampleUITests";
			productName = "CleanArchitecture-SearchSampleUITests";
			productReference = A8BD75CE2D18005700EFE944 /* CleanArchitecture-SearchSampleUITests.xctest */;
			productType = "com.apple.product-type.bundle.ui-testing";
		};
/* End PBXNativeTarget section */

/* Begin PBXProject section */
		A8BD75A62D18005300EFE944 /* Project object */ = {
			isa = PBXProject;
			attributes = {
				BuildIndependentTargetsInParallel = 1;
				LastSwiftUpdateCheck = 1540;
				LastUpgradeCheck = 1540;
				TargetAttributes = {
					A8BD75AD2D18005300EFE944 = {
						CreatedOnToolsVersion = 15.4;
					};
					A8BD75C32D18005700EFE944 = {
						CreatedOnToolsVersion = 15.4;
						TestTargetID = A8BD75AD2D18005300EFE944;
					};
					A8BD75CD2D18005700EFE944 = {
						CreatedOnToolsVersion = 15.4;
						TestTargetID = A8BD75AD2D18005300EFE944;
					};
				};
			};
			buildConfigurationList = A8BD75A92D18005300EFE944 /* Build configuration list for PBXProject "CleanArchitecture-SearchSample" */;
			compatibilityVersion = "Xcode 14.0";
			developmentRegion = en;
			hasScannedForEncodings = 0;
			knownRegions = (
				en,
				Base,
			);
			mainGroup = A8BD75A52D18005300EFE944;
			productRefGroup = A8BD75AF2D18005300EFE944 /* Products */;
			projectDirPath = "";
			projectRoot = "";
			targets = (
				A8BD75AD2D18005300EFE944 /* CleanArchitecture-SearchSample */,
				A8BD75C32D18005700EFE944 /* CleanArchitecture-SearchSampleTests */,
				A8BD75CD2D18005700EFE944 /* CleanArchitecture-SearchSampleUITests */,
			);
		};
/* End PBXProject section */

/* Begin PBXResourcesBuildPhase section */
		A8BD75AC2D18005300EFE944 /* Resources */ = {
			isa = PBXResourcesBuildPhase;
			buildActionMask = 2147483647;
			files = (
				A8BD75BB2D18005600EFE944 /* Assets.xcassets in Resources */,
				A8BD75BE2D18005600EFE944 /* Base in Resources */,
				A8BD75B92D18005300EFE944 /* Base in Resources */,
			);
			runOnlyForDeploymentPostprocessing = 0;
		};
		A8BD75C22D18005700EFE944 /* Resources */ = {
			isa = PBXResourcesBuildPhase;
			buildActionMask = 2147483647;
			files = (
			);
			runOnlyForDeploymentPostprocessing = 0;
		};
		A8BD75CC2D18005700EFE944 /* Resources */ = {
			isa = PBXResourcesBuildPhase;
			buildActionMask = 2147483647;
			files = (
			);
			runOnlyForDeploymentPostprocessing = 0;
		};
/* End PBXResourcesBuildPhase section */

/* Begin PBXSourcesBuildPhase section */
		A8BD75AA2D18005300EFE944 /* Sources */ = {
			isa = PBXSourcesBuildPhase;
			buildActionMask = 2147483647;
			files = (
				A8BD75B62D18005300EFE944 /* ViewController.swift in Sources */,
				A8BD75B22D18005300EFE944 /* AppDelegate.swift in Sources */,
				A8BD75B42D18005300EFE944 /* SceneDelegate.swift in Sources */,
			);
			runOnlyForDeploymentPostprocessing = 0;
		};
		A8BD75C02D18005700EFE944 /* Sources */ = {
			isa = PBXSourcesBuildPhase;
			buildActionMask = 2147483647;
			files = (
				A8BD75C92D18005700EFE944 /* CleanArchitecture_SearchSampleTests.swift in Sources */,
			);
			runOnlyForDeploymentPostprocessing = 0;
		};
		A8BD75CA2D18005700EFE944 /* Sources */ = {
			isa = PBXSourcesBuildPhase;
			buildActionMask = 2147483647;
			files = (
				A8BD75D32D18005700EFE944 /* CleanArchitecture_SearchSampleUITests.swift in Sources */,
				A8BD75D52D18005700EFE944 /* CleanArchitecture_SearchSampleUITestsLaunchTests.swift in Sources */,
			);
			runOnlyForDeploymentPostprocessing = 0;
		};
/* End PBXSourcesBuildPhase section */

/* Begin PBXTargetDependency section */
		A8BD75C62D18005700EFE944 /* PBXTargetDependency */ = {
			isa = PBXTargetDependency;
			target = A8BD75AD2D18005300EFE944 /* CleanArchitecture-SearchSample */;
			targetProxy = A8BD75C52D18005700EFE944 /* PBXContainerItemProxy */;
		};
		A8BD75D02D18005700EFE944 /* PBXTargetDependency */ = {
			isa = PBXTargetDependency;
			target = A8BD75AD2D18005300EFE944 /* CleanArchitecture-SearchSample */;
			targetProxy = A8BD75CF2D18005700EFE944 /* PBXContainerItemProxy */;
		};
/* End PBXTargetDependency section */

/* Begin PBXVariantGroup section */
		A8BD75B72D18005300EFE944 /* Main.storyboard */ = {
			isa = PBXVariantGroup;
			children = (
				A8BD75B82D18005300EFE944 /* Base */,
			);
			name = Main.storyboard;
			sourceTree = "<group>";
		};
		A8BD75BC2D18005600EFE944 /* LaunchScreen.storyboard */ = {
			isa = PBXVariantGroup;
			children = (
				A8BD75BD2D18005600EFE944 /* Base */,
			);
			name = LaunchScreen.storyboard;
			sourceTree = "<group>";
		};
/* End PBXVariantGroup section */

/* Begin XCBuildConfiguration section */
		A8BD75D62D18005700EFE944 /* Debug */ = {
			isa = XCBuildConfiguration;
			buildSettings = {
				ALWAYS_SEARCH_USER_PATHS = NO;
				ASSETCATALOG_COMPILER_GENERATE_SWIFT_ASSET_SYMBOL_EXTENSIONS = YES;
				CLANG_ANALYZER_NONNULL = YES;
				CLANG_ANALYZER_NUMBER_OBJECT_CONVERSION = YES_AGGRESSIVE;
				CLANG_CXX_LANGUAGE_STANDARD = "gnu++20";
				CLANG_ENABLE_MODULES = YES;
				CLANG_ENABLE_OBJC_ARC = YES;
				CLANG_ENABLE_OBJC_WEAK = YES;
				CLANG_WARN_BLOCK_CAPTURE_AUTORELEASING = YES;
				CLANG_WARN_BOOL_CONVERSION = YES;
				CLANG_WARN_COMMA = YES;
				CLANG_WARN_CONSTANT_CONVERSION = YES;
				CLANG_WARN_DEPRECATED_OBJC_IMPLEMENTATIONS = YES;
				CLANG_WARN_DIRECT_OBJC_ISA_USAGE = YES_ERROR;
				CLANG_WARN_DOCUMENTATION_COMMENTS = YES;
				CLANG_WARN_EMPTY_BODY = YES;
				CLANG_WARN_ENUM_CONVERSION = YES;
				CLANG_WARN_INFINITE_RECURSION = YES;
				CLANG_WARN_INT_CONVERSION = YES;
				CLANG_WARN_NON_LITERAL_NULL_CONVERSION = YES;
				CLANG_WARN_OBJC_IMPLICIT_RETAIN_SELF = YES;
				CLANG_WARN_OBJC_LITERAL_CONVERSION = YES;
				CLANG_WARN_OBJC_ROOT_CLASS = YES_ERROR;
				CLANG_WARN_QUOTED_INCLUDE_IN_FRAMEWORK_HEADER = YES;
				CLANG_WARN_RANGE_LOOP_ANALYSIS = YES;
				CLANG_WARN_STRICT_PROTOTYPES = YES;
				CLANG_WARN_SUSPICIOUS_MOVE = YES;
				CLANG_WARN_UNGUARDED_AVAILABILITY = YES_AGGRESSIVE;
				CLANG_WARN_UNREACHABLE_CODE = YES;
				CLANG_WARN__DUPLICATE_METHOD_MATCH = YES;
				COPY_PHASE_STRIP = NO;
				DEBUG_INFORMATION_FORMAT = dwarf;
				ENABLE_STRICT_OBJC_MSGSEND = YES;
				ENABLE_TESTABILITY = YES;
				ENABLE_USER_SCRIPT_SANDBOXING = YES;
				GCC_C_LANGUAGE_STANDARD = gnu17;
				GCC_DYNAMIC_NO_PIC = NO;
				GCC_NO_COMMON_BLOCKS = YES;
				GCC_OPTIMIZATION_LEVEL = 0;
				GCC_PREPROCESSOR_DEFINITIONS = (
					"DEBUG=1",
					"$(inherited)",
				);
				GCC_WARN_64_TO_32_BIT_CONVERSION = YES;
				GCC_WARN_ABOUT_RETURN_TYPE = YES_ERROR;
				GCC_WARN_UNDECLARED_SELECTOR = YES;
				GCC_WARN_UNINITIALIZED_AUTOS = YES_AGGRESSIVE;
				GCC_WARN_UNUSED_FUNCTION = YES;
				GCC_WARN_UNUSED_VARIABLE = YES;
				IPHONEOS_DEPLOYMENT_TARGET = 17.5;
				LOCALIZATION_PREFERS_STRING_CATALOGS = YES;
				MTL_ENABLE_DEBUG_INFO = INCLUDE_SOURCE;
				MTL_FAST_MATH = YES;
				ONLY_ACTIVE_ARCH = YES;
				SDKROOT = iphoneos;
				SWIFT_ACTIVE_COMPILATION_CONDITIONS = "DEBUG $(inherited)";
				SWIFT_OPTIMIZATION_LEVEL = "-Onone";
			};
			name = Debug;
		};
		A8BD75D72D18005700EFE944 /* Release */ = {
			isa = XCBuildConfiguration;
			buildSettings = {
				ALWAYS_SEARCH_USER_PATHS = NO;
				ASSETCATALOG_COMPILER_GENERATE_SWIFT_ASSET_SYMBOL_EXTENSIONS = YES;
				CLANG_ANALYZER_NONNULL = YES;
				CLANG_ANALYZER_NUMBER_OBJECT_CONVERSION = YES_AGGRESSIVE;
				CLANG_CXX_LANGUAGE_STANDARD = "gnu++20";
				CLANG_ENABLE_MODULES = YES;
				CLANG_ENABLE_OBJC_ARC = YES;
				CLANG_ENABLE_OBJC_WEAK = YES;
				CLANG_WARN_BLOCK_CAPTURE_AUTORELEASING = YES;
				CLANG_WARN_BOOL_CONVERSION = YES;
				CLANG_WARN_COMMA = YES;
				CLANG_WARN_CONSTANT_CONVERSION = YES;
				CLANG_WARN_DEPRECATED_OBJC_IMPLEMENTATIONS = YES;
				CLANG_WARN_DIRECT_OBJC_ISA_USAGE = YES_ERROR;
				CLANG_WARN_DOCUMENTATION_COMMENTS = YES;
				CLANG_WARN_EMPTY_BODY = YES;
				CLANG_WARN_ENUM_CONVERSION = YES;
				CLANG_WARN_INFINITE_RECURSION = YES;
				CLANG_WARN_INT_CONVERSION = YES;
				CLANG_WARN_NON_LITERAL_NULL_CONVERSION = YES;
				CLANG_WARN_OBJC_IMPLICIT_RETAIN_SELF = YES;
				CLANG_WARN_OBJC_LITERAL_CONVERSION = YES;
				CLANG_WARN_OBJC_ROOT_CLASS = YES_ERROR;
				CLANG_WARN_QUOTED_INCLUDE_IN_FRAMEWORK_HEADER = YES;
				CLANG_WARN_RANGE_LOOP_ANALYSIS = YES;
				CLANG_WARN_STRICT_PROTOTYPES = YES;
				CLANG_WARN_SUSPICIOUS_MOVE = YES;
				CLANG_WARN_UNGUARDED_AVAILABILITY = YES_AGGRESSIVE;
				CLANG_WARN_UNREACHABLE_CODE = YES;
				CLANG_WARN__DUPLICATE_METHOD_MATCH = YES;
				COPY_PHASE_STRIP = NO;
				DEBUG_INFORMATION_FORMAT = "dwarf-with-dsym";
				ENABLE_NS_ASSERTIONS = NO;
				ENABLE_STRICT_OBJC_MSGSEND = YES;
				ENABLE_USER_SCRIPT_SANDBOXING = YES;
				GCC_C_LANGUAGE_STANDARD = gnu17;
				GCC_NO_COMMON_BLOCKS = YES;
				GCC_WARN_64_TO_32_BIT_CONVERSION = YES;
				GCC_WARN_ABOUT_RETURN_TYPE = YES_ERROR;
				GCC_WARN_UNDECLARED_SELECTOR = YES;
				GCC_WARN_UNINITIALIZED_AUTOS = YES_AGGRESSIVE;
				GCC_WARN_UNUSED_FUNCTION = YES;
				GCC_WARN_UNUSED_VARIABLE = YES;
				IPHONEOS_DEPLOYMENT_TARGET = 17.5;
				LOCALIZATION_PREFERS_STRING_CATALOGS = YES;
				MTL_ENABLE_DEBUG_INFO = NO;
				MTL_FAST_MATH = YES;
				SDKROOT = iphoneos;
				SWIFT_COMPILATION_MODE = wholemodule;
				VALIDATE_PRODUCT = YES;
			};
			name = Release;
		};
		A8BD75D92D18005700EFE944 /* Debug */ = {
			isa = XCBuildConfiguration;
			buildSettings = {
				ASSETCATALOG_COMPILER_APPICON_NAME = AppIcon;
				ASSETCATALOG_COMPILER_GLOBAL_ACCENT_COLOR_NAME = AccentColor;
				CODE_SIGN_STYLE = Automatic;
				CURRENT_PROJECT_VERSION = 1;
				DEVELOPMENT_TEAM = 7W64WHVKVN;
				GENERATE_INFOPLIST_FILE = YES;
				INFOPLIST_FILE = "CleanArchitecture-SearchSample/Info.plist";
				INFOPLIST_KEY_UIApplicationSupportsIndirectInputEvents = YES;
				INFOPLIST_KEY_UILaunchStoryboardName = LaunchScreen;
				INFOPLIST_KEY_UIMainStoryboardFile = Main;
				INFOPLIST_KEY_UISupportedInterfaceOrientations_iPad = "UIInterfaceOrientationPortrait UIInterfaceOrientationPortraitUpsideDown UIInterfaceOrientationLandscapeLeft UIInterfaceOrientationLandscapeRight";
				INFOPLIST_KEY_UISupportedInterfaceOrientations_iPhone = "UIInterfaceOrientationPortrait UIInterfaceOrientationLandscapeLeft UIInterfaceOrientationLandscapeRight";
				LD_RUNPATH_SEARCH_PATHS = (
					"$(inherited)",
					"@executable_path/Frameworks",
				);
				MARKETING_VERSION = 1.0;
				PRODUCT_BUNDLE_IDENTIFIER = "com.soongin.cleanArchitecture.sample.CleanArchitecture-SearchSample";
				PRODUCT_NAME = "$(TARGET_NAME)";
				SWIFT_EMIT_LOC_STRINGS = YES;
				SWIFT_VERSION = 5.0;
				TARGETED_DEVICE_FAMILY = "1,2";
			};
			name = Debug;
		};
		A8BD75DA2D18005700EFE944 /* Release */ = {
			isa = XCBuildConfiguration;
			buildSettings = {
				ASSETCATALOG_COMPILER_APPICON_NAME = AppIcon;
				ASSETCATALOG_COMPILER_GLOBAL_ACCENT_COLOR_NAME = AccentColor;
				CODE_SIGN_STYLE = Automatic;
				CURRENT_PROJECT_VERSION = 1;
				DEVELOPMENT_TEAM = 7W64WHVKVN;
				GENERATE_INFOPLIST_FILE = YES;
				INFOPLIST_FILE = "CleanArchitecture-SearchSample/Info.plist";
				INFOPLIST_KEY_UIApplicationSupportsIndirectInputEvents = YES;
				INFOPLIST_KEY_UILaunchStoryboardName = LaunchScreen;
				INFOPLIST_KEY_UIMainStoryboardFile = Main;
				INFOPLIST_KEY_UISupportedInterfaceOrientations_iPad = "UIInterfaceOrientationPortrait UIInterfaceOrientationPortraitUpsideDown UIInterfaceOrientationLandscapeLeft UIInterfaceOrientationLandscapeRight";
				INFOPLIST_KEY_UISupportedInterfaceOrientations_iPhone = "UIInterfaceOrientationPortrait UIInterfaceOrientationLandscapeLeft UIInterfaceOrientationLandscapeRight";
				LD_RUNPATH_SEARCH_PATHS = (
					"$(inherited)",
					"@executable_path/Frameworks",
				);
				MARKETING_VERSION = 1.0;
				PRODUCT_BUNDLE_IDENTIFIER = "com.soongin.cleanArchitecture.sample.CleanArchitecture-SearchSample";
				PRODUCT_NAME = "$(TARGET_NAME)";
				SWIFT_EMIT_LOC_STRINGS = YES;
				SWIFT_VERSION = 5.0;
				TARGETED_DEVICE_FAMILY = "1,2";
			};
			name = Release;
		};
		A8BD75DC2D18005700EFE944 /* Debug */ = {
			isa = XCBuildConfiguration;
			buildSettings = {
				ALWAYS_EMBED_SWIFT_STANDARD_LIBRARIES = YES;
				BUNDLE_LOADER = "$(TEST_HOST)";
				CODE_SIGN_STYLE = Automatic;
				CURRENT_PROJECT_VERSION = 1;
				DEVELOPMENT_TEAM = 7W64WHVKVN;
				GENERATE_INFOPLIST_FILE = YES;
				IPHONEOS_DEPLOYMENT_TARGET = 17.5;
				MARKETING_VERSION = 1.0;
				PRODUCT_BUNDLE_IDENTIFIER = "com.soongin.cleanArchitecture.sample.CleanArchitecture-SearchSampleTests";
				PRODUCT_NAME = "$(TARGET_NAME)";
				SWIFT_EMIT_LOC_STRINGS = NO;
				SWIFT_VERSION = 5.0;
				TARGETED_DEVICE_FAMILY = "1,2";
				TEST_HOST = "$(BUILT_PRODUCTS_DIR)/CleanArchitecture-SearchSample.app/$(BUNDLE_EXECUTABLE_FOLDER_PATH)/CleanArchitecture-SearchSample";
			};
			name = Debug;
		};
		A8BD75DD2D18005700EFE944 /* Release */ = {
			isa = XCBuildConfiguration;
			buildSettings = {
				ALWAYS_EMBED_SWIFT_STANDARD_LIBRARIES = YES;
				BUNDLE_LOADER = "$(TEST_HOST)";
				CODE_SIGN_STYLE = Automatic;
				CURRENT_PROJECT_VERSION = 1;
				DEVELOPMENT_TEAM = 7W64WHVKVN;
				GENERATE_INFOPLIST_FILE = YES;
				IPHONEOS_DEPLOYMENT_TARGET = 17.5;
				MARKETING_VERSION = 1.0;
				PRODUCT_BUNDLE_IDENTIFIER = "com.soongin.cleanArchitecture.sample.CleanArchitecture-SearchSampleTests";
				PRODUCT_NAME = "$(TARGET_NAME)";
				SWIFT_EMIT_LOC_STRINGS = NO;
				SWIFT_VERSION = 5.0;
				TARGETED_DEVICE_FAMILY = "1,2";
				TEST_HOST = "$(BUILT_PRODUCTS_DIR)/CleanArchitecture-SearchSample.app/$(BUNDLE_EXECUTABLE_FOLDER_PATH)/CleanArchitecture-SearchSample";
			};
			name = Release;
		};
		A8BD75DF2D18005700EFE944 /* Debug */ = {
			isa = XCBuildConfiguration;
			buildSettings = {
				ALWAYS_EMBED_SWIFT_STANDARD_LIBRARIES = YES;
				CODE_SIGN_STYLE = Automatic;
				CURRENT_PROJECT_VERSION = 1;
				DEVELOPMENT_TEAM = 7W64WHVKVN;
				GENERATE_INFOPLIST_FILE = YES;
				MARKETING_VERSION = 1.0;
				PRODUCT_BUNDLE_IDENTIFIER = "com.soongin.cleanArchitecture.sample.CleanArchitecture-SearchSampleUITests";
				PRODUCT_NAME = "$(TARGET_NAME)";
				SWIFT_EMIT_LOC_STRINGS = NO;
				SWIFT_VERSION = 5.0;
				TARGETED_DEVICE_FAMILY = "1,2";
				TEST_TARGET_NAME = "CleanArchitecture-SearchSample";
			};
			name = Debug;
		};
		A8BD75E02D18005700EFE944 /* Release */ = {
			isa = XCBuildConfiguration;
			buildSettings = {
				ALWAYS_EMBED_SWIFT_STANDARD_LIBRARIES = YES;
				CODE_SIGN_STYLE = Automatic;
				CURRENT_PROJECT_VERSION = 1;
				DEVELOPMENT_TEAM = 7W64WHVKVN;
				GENERATE_INFOPLIST_FILE = YES;
				MARKETING_VERSION = 1.0;
				PRODUCT_BUNDLE_IDENTIFIER = "com.soongin.cleanArchitecture.sample.CleanArchitecture-SearchSampleUITests";
				PRODUCT_NAME = "$(TARGET_NAME)";
				SWIFT_EMIT_LOC_STRINGS = NO;
				SWIFT_VERSION = 5.0;
				TARGETED_DEVICE_FAMILY = "1,2";
				TEST_TARGET_NAME = "CleanArchitecture-SearchSample";
			};
			name = Release;
		};
/* End XCBuildConfiguration section */

/* Begin XCConfigurationList section */
		A8BD75A92D18005300EFE944 /* Build configuration list for PBXProject "CleanArchitecture-SearchSample" */ = {
			isa = XCConfigurationList;
			buildConfigurations = (
				A8BD75D62D18005700EFE944 /* Debug */,
				A8BD75D72D18005700EFE944 /* Release */,
			);
			defaultConfigurationIsVisible = 0;
			defaultConfigurationName = Release;
		};
		A8BD75D82D18005700EFE944 /* Build configuration list for PBXNativeTarget "CleanArchitecture-SearchSample" */ = {
			isa = XCConfigurationList;
			buildConfigurations = (
				A8BD75D92D18005700EFE944 /* Debug */,
				A8BD75DA2D18005700EFE944 /* Release */,
			);
			defaultConfigurationIsVisible = 0;
			defaultConfigurationName = Release;
		};
		A8BD75DB2D18005700EFE944 /* Build configuration list for PBXNativeTarget "CleanArchitecture-SearchSampleTests" */ = {
			isa = XCConfigurationList;
			buildConfigurations = (
				A8BD75DC2D18005700EFE944 /* Debug */,
				A8BD75DD2D18005700EFE944 /* Release */,
			);
			defaultConfigurationIsVisible = 0;
			defaultConfigurationName = Release;
		};
		A8BD75DE2D18005700EFE944 /* Build configuration list for PBXNativeTarget "CleanArchitecture-SearchSampleUITests" */ = {
			isa = XCConfigurationList;
			buildConfigurations = (
				A8BD75DF2D18005700EFE944 /* Debug */,
				A8BD75E02D18005700EFE944 /* Release */,
			);
			defaultConfigurationIsVisible = 0;
			defaultConfigurationName = Release;
		};
/* End XCConfigurationList section */
	};
	rootObject = A8BD75A62D18005300EFE944 /* Project object */;
}
